
Microsoft Visual Studio Solution File, Format Version 12.00
# Visual Studio Version 17
VisualStudioVersion = 17.10.35013.160
MinimumVisualStudioVersion = 10.0.40219.1
Project("{FAE04EC0-301F-11D3-BF4B-00C04F79EFBC}") = "EmployeeManagementSystem1", "EmployeeManagementSystem1\EmployeeManagementSystem1.csproj", "{83804D70-E1F7-4CB6-BF2A-160210927ADC}"
EndProject
Global
	GlobalSection(SolutionConfigurationPlatforms) = preSolution
		Debug|Any CPU = Debug|Any CPU
		Release|Any CPU = Release|Any CPU
	EndGlobalSection
	GlobalSection(ProjectConfigurationPlatforms) = postSolution
		{83804D70-E1F7-4CB6-BF2A-160210927ADC}.Debug|Any CPU.ActiveCfg = Debug|Any CPU
		{83804D70-E1F7-4CB6-BF2A-160210927ADC}.Debug|Any CPU.Build.0 = Debug|Any CPU
		{83804D70-E1F7-4CB6-BF2A-160210927ADC}.Release|Any CPU.ActiveCfg = Release|Any CPU
		{83804D70-E1F7-4CB6-BF2A-160210927ADC}.Release|Any CPU.Build.0 = Release|Any CPU
	EndGlobalSection
	GlobalSection(SolutionProperties) = preSolution
		HideSolutionNode = FALSE
	EndGlobalSection
	GlobalSection(ExtensibilityGlobals) = postSolution
		SolutionGuid = {B66808AB-65E2-414C-93E4-0D79214B73B3}
	EndGlobalSection
EndGlobal
